// !$*UTF8*$!
{
	archiveVersion = 1;
	classes = {
	};
	objectVersion = 50;
	objects = {

/* Begin PBXBuildFile section */
		031DBAB12428CC2E0046CE8C /* chilkoottrail.jpg in Resources */ = {isa = PBXBuildFile; fileRef = 031DBAA12428CC2E0046CE8C /* chilkoottrail.jpg */; };
		031DBAB22428CC2E0046CE8C /* chincoteague.jpg in Resources */ = {isa = PBXBuildFile; fileRef = 031DBAA22428CC2E0046CE8C /* chincoteague.jpg */; };
		031DBAB32428CC2E0046CE8C /* hiddenlake.jpg in Resources */ = {isa = PBXBuildFile; fileRef = 031DBAA32428CC2E0046CE8C /* hiddenlake.jpg */; };
		031DBAB42428CC2E0046CE8C /* icybay.jpg in Resources */ = {isa = PBXBuildFile; fileRef = 031DBAA42428CC2E0046CE8C /* icybay.jpg */; };
		031DBAB52428CC2E0046CE8C /* lakemcdonald.jpg in Resources */ = {isa = PBXBuildFile; fileRef = 031DBAA52428CC2E0046CE8C /* lakemcdonald.jpg */; };
		031DBAB62428CC2E0046CE8C /* landmarkData.json in Resources */ = {isa = PBXBuildFile; fileRef = 031DBAA62428CC2E0046CE8C /* landmarkData.json */; };
		031DBAB72428CC2E0046CE8C /* rainbowlake.jpg in Resources */ = {isa = PBXBuildFile; fileRef = 031DBAA72428CC2E0046CE8C /* rainbowlake.jpg */; };
		031DBAB82428CC2E0046CE8C /* silversalmoncreek.jpg in Resources */ = {isa = PBXBuildFile; fileRef = 031DBAA82428CC2E0046CE8C /* silversalmoncreek.jpg */; };
		031DBAB92428CC2E0046CE8C /* stmarylake.jpg in Resources */ = {isa = PBXBuildFile; fileRef = 031DBAA92428CC2E0046CE8C /* stmarylake.jpg */; };
		031DBABA2428CC2E0046CE8C /* turtlerock.jpg in Resources */ = {isa = PBXBuildFile; fileRef = 031DBAAA2428CC2E0046CE8C /* turtlerock.jpg */; };
		031DBABB2428CC2E0046CE8C /* twinlake.jpg in Resources */ = {isa = PBXBuildFile; fileRef = 031DBAAB2428CC2E0046CE8C /* twinlake.jpg */; };
		031DBABC2428CC2E0046CE8C /* umbagog.jpg in Resources */ = {isa = PBXBuildFile; fileRef = 031DBAAC2428CC2E0046CE8C /* umbagog.jpg */; };
		031DBABD2428CC2E0046CE8C /* yukon_charleyrivers.jpg in Resources */ = {isa = PBXBuildFile; fileRef = 031DBAAD2428CC2E0046CE8C /* yukon_charleyrivers.jpg */; };
		031DBABE2428CC2E0046CE8C /* Data.swift in Sources */ = {isa = PBXBuildFile; fileRef = 031DBAAF2428CC2E0046CE8C /* Data.swift */; };
		031DBABF2428CC2E0046CE8C /* Landmark.swift in Sources */ = {isa = PBXBuildFile; fileRef = 031DBAB02428CC2E0046CE8C /* Landmark.swift */; };
		031DBAC12428D1D00046CE8C /* LandmarkRow.swift in Sources */ = {isa = PBXBuildFile; fileRef = 031DBAC02428D1D00046CE8C /* LandmarkRow.swift */; };
		038A1571241F8E970011D97A /* AppDelegate.swift in Sources */ = {isa = PBXBuildFile; fileRef = 038A1570241F8E970011D97A /* AppDelegate.swift */; };
		038A1573241F8E970011D97A /* SceneDelegate.swift in Sources */ = {isa = PBXBuildFile; fileRef = 038A1572241F8E970011D97A /* SceneDelegate.swift */; };
		038A1575241F8E970011D97A /* LandmarkDetail.swift in Sources */ = {isa = PBXBuildFile; fileRef = 038A1574241F8E970011D97A /* LandmarkDetail.swift */; };
		038A1577241F8E970011D97A /* Assets.xcassets in Resources */ = {isa = PBXBuildFile; fileRef = 038A1576241F8E970011D97A /* Assets.xcassets */; };
		038A157A241F8E970011D97A /* Preview Assets.xcassets in Resources */ = {isa = PBXBuildFile; fileRef = 038A1579241F8E970011D97A /* Preview Assets.xcassets */; };
		038A157D241F8E970011D97A /* LaunchScreen.storyboard in Resources */ = {isa = PBXBuildFile; fileRef = 038A157B241F8E970011D97A /* LaunchScreen.storyboard */; };
		038A1585241F995D0011D97A /* Circleimage.swift in Sources */ = {isa = PBXBuildFile; fileRef = 038A1584241F995D0011D97A /* Circleimage.swift */; };
		038A1587241F9CFC0011D97A /* MapView.swift in Sources */ = {isa = PBXBuildFile; fileRef = 038A1586241F9CFC0011D97A /* MapView.swift */; };
/* End PBXBuildFile section */

/* Begin PBXFileReference section */
		031DBAA12428CC2E0046CE8C /* chilkoottrail.jpg */ = {isa = PBXFileReference; lastKnownFileType = image.jpeg; path = chilkoottrail.jpg; sourceTree = "<group>"; };
		031DBAA22428CC2E0046CE8C /* chincoteague.jpg */ = {isa = PBXFileReference; lastKnownFileType = image.jpeg; path = chincoteague.jpg; sourceTree = "<group>"; };
		031DBAA32428CC2E0046CE8C /* hiddenlake.jpg */ = {isa = PBXFileReference; lastKnownFileType = image.jpeg; path = hiddenlake.jpg; sourceTree = "<group>"; };
		031DBAA42428CC2E0046CE8C /* icybay.jpg */ = {isa = PBXFileReference; lastKnownFileType = image.jpeg; path = icybay.jpg; sourceTree = "<group>"; };
		031DBAA52428CC2E0046CE8C /* lakemcdonald.jpg */ = {isa = PBXFileReference; lastKnownFileType = image.jpeg; path = lakemcdonald.jpg; sourceTree = "<group>"; };
		031DBAA62428CC2E0046CE8C /* landmarkData.json */ = {isa = PBXFileReference; fileEncoding = 4; lastKnownFileType = text.json; path = landmarkData.json; sourceTree = "<group>"; };
		031DBAA72428CC2E0046CE8C /* rainbowlake.jpg */ = {isa = PBXFileReference; lastKnownFileType = image.jpeg; path = rainbowlake.jpg; sourceTree = "<group>"; };
		031DBAA82428CC2E0046CE8C /* silversalmoncreek.jpg */ = {isa = PBXFileReference; lastKnownFileType = image.jpeg; path = silversalmoncreek.jpg; sourceTree = "<group>"; };
		031DBAA92428CC2E0046CE8C /* stmarylake.jpg */ = {isa = PBXFileReference; lastKnownFileType = image.jpeg; path = stmarylake.jpg; sourceTree = "<group>"; };
		031DBAAA2428CC2E0046CE8C /* turtlerock.jpg */ = {isa = PBXFileReference; lastKnownFileType = image.jpeg; path = turtlerock.jpg; sourceTree = "<group>"; };
		031DBAAB2428CC2E0046CE8C /* twinlake.jpg */ = {isa = PBXFileReference; lastKnownFileType = image.jpeg; path = twinlake.jpg; sourceTree = "<group>"; };
		031DBAAC2428CC2E0046CE8C /* umbagog.jpg */ = {isa = PBXFileReference; lastKnownFileType = image.jpeg; path = umbagog.jpg; sourceTree = "<group>"; };
		031DBAAD2428CC2E0046CE8C /* yukon_charleyrivers.jpg */ = {isa = PBXFileReference; lastKnownFileType = image.jpeg; path = yukon_charleyrivers.jpg; sourceTree = "<group>"; };
		031DBAAF2428CC2E0046CE8C /* Data.swift */ = {isa = PBXFileReference; fileEncoding = 4; lastKnownFileType = sourcecode.swift; path = Data.swift; sourceTree = "<group>"; };
		031DBAB02428CC2E0046CE8C /* Landmark.swift */ = {isa = PBXFileReference; fileEncoding = 4; lastKnownFileType = sourcecode.swift; path = Landmark.swift; sourceTree = "<group>"; };
		031DBAC02428D1D00046CE8C /* LandmarkRow.swift */ = {isa = PBXFileReference; lastKnownFileType = sourcecode.swift; path = LandmarkRow.swift; sourceTree = "<group>"; };
		038A156D241F8E970011D97A /* Landmarks.app */ = {isa = PBXFileReference; explicitFileType = wrapper.application; includeInIndex = 0; path = Landmarks.app; sourceTree = BUILT_PRODUCTS_DIR; };
		038A1570241F8E970011D97A /* AppDelegate.swift */ = {isa = PBXFileReference; lastKnownFileType = sourcecode.swift; path = AppDelegate.swift; sourceTree = "<group>"; };
		038A1572241F8E970011D97A /* SceneDelegate.swift */ = {isa = PBXFileReference; lastKnownFileType = sourcecode.swift; path = SceneDelegate.swift; sourceTree = "<group>"; };
		038A1574241F8E970011D97A /* LandmarkDetail.swift */ = {isa = PBXFileReference; lastKnownFileType = sourcecode.swift; path = LandmarkDetail.swift; sourceTree = "<group>"; };
		038A1576241F8E970011D97A /* Assets.xcassets */ = {isa = PBXFileReference; lastKnownFileType = folder.assetcatalog; path = Assets.xcassets; sourceTree = "<group>"; };
		038A1579241F8E970011D97A /* Preview Assets.xcassets */ = {isa = PBXFileReference; lastKnownFileType = folder.assetcatalog; path = "Preview Assets.xcassets"; sourceTree = "<group>"; };
		038A157C241F8E970011D97A /* Base */ = {isa = PBXFileReference; lastKnownFileType = file.storyboard; name = Base; path = Base.lproj/LaunchScreen.storyboard; sourceTree = "<group>"; };
		038A157E241F8E970011D97A /* Info.plist */ = {isa = PBXFileReference; lastKnownFileType = text.plist.xml; path = Info.plist; sourceTree = "<group>"; };
		038A1584241F995D0011D97A /* Circleimage.swift */ = {isa = PBXFileReference; lastKnownFileType = sourcecode.swift; path = Circleimage.swift; sourceTree = "<group>"; };
		038A1586241F9CFC0011D97A /* MapView.swift */ = {isa = PBXFileReference; lastKnownFileType = sourcecode.swift; path = MapView.swift; sourceTree = "<group>"; };
/* End PBXFileReference section */

/* Begin PBXFrameworksBuildPhase section */
		038A156A241F8E970011D97A /* Frameworks */ = {
			isa = PBXFrameworksBuildPhase;
			buildActionMask = 2147483647;
			files = (
			);
			runOnlyForDeploymentPostprocessing = 0;
		};
/* End PBXFrameworksBuildPhase section */

/* Begin PBXGroup section */
		031DBAA02428CC2E0046CE8C /* Resources */ = {
			isa = PBXGroup;
			children = (
				031DBAA12428CC2E0046CE8C /* chilkoottrail.jpg */,
				031DBAA22428CC2E0046CE8C /* chincoteague.jpg */,
				031DBAA32428CC2E0046CE8C /* hiddenlake.jpg */,
				031DBAA42428CC2E0046CE8C /* icybay.jpg */,
				031DBAA52428CC2E0046CE8C /* lakemcdonald.jpg */,
				031DBAA62428CC2E0046CE8C /* landmarkData.json */,
				031DBAA72428CC2E0046CE8C /* rainbowlake.jpg */,
				031DBAA82428CC2E0046CE8C /* silversalmoncreek.jpg */,
				031DBAA92428CC2E0046CE8C /* stmarylake.jpg */,
				031DBAAA2428CC2E0046CE8C /* turtlerock.jpg */,
				031DBAAD2428CC2E0046CE8C /* yukon_charleyrivers.jpg */,
				031DBAAB2428CC2E0046CE8C /* twinlake.jpg */,
				031DBAAC2428CC2E0046CE8C /* umbagog.jpg */,
			);
			path = Resources;
			sourceTree = "<group>";
		};
		031DBAAE2428CC2E0046CE8C /* Models */ = {
			isa = PBXGroup;
			children = (
				031DBAAF2428CC2E0046CE8C /* Data.swift */,
				031DBAB02428CC2E0046CE8C /* Landmark.swift */,
			);
			path = Models;
			sourceTree = "<group>";
		};
		038A1564241F8E970011D97A = {
			isa = PBXGroup;
			children = (
				038A156F241F8E970011D97A /* Landmarks */,
				038A156E241F8E970011D97A /* Products */,
			);
			sourceTree = "<group>";
		};
		038A156E241F8E970011D97A /* Products */ = {
			isa = PBXGroup;
			children = (
				038A156D241F8E970011D97A /* Landmarks.app */,
			);
			name = Products;
			sourceTree = "<group>";
		};
		038A156F241F8E970011D97A /* Landmarks */ = {
			isa = PBXGroup;
			children = (
				031DBAAE2428CC2E0046CE8C /* Models */,
				031DBAA02428CC2E0046CE8C /* Resources */,
				038A1570241F8E970011D97A /* AppDelegate.swift */,
				038A1572241F8E970011D97A /* SceneDelegate.swift */,
				038A1574241F8E970011D97A /* LandmarkDetail.swift */,
				031DBAC02428D1D00046CE8C /* LandmarkRow.swift */,
				038A1584241F995D0011D97A /* Circleimage.swift */,
				038A1586241F9CFC0011D97A /* MapView.swift */,
				038A1576241F8E970011D97A /* Assets.xcassets */,
				038A157B241F8E970011D97A /* LaunchScreen.storyboard */,
				038A157E241F8E970011D97A /* Info.plist */,
				038A1578241F8E970011D97A /* Preview Content */,
			);
			path = Landmarks;
			sourceTree = "<group>";
		};
		038A1578241F8E970011D97A /* Preview Content */ = {
			isa = PBXGroup;
			children = (
				038A1579241F8E970011D97A /* Preview Assets.xcassets */,
			);
			path = "Preview Content";
			sourceTree = "<group>";
		};
/* End PBXGroup section */

/* Begin PBXNativeTarget section */
		038A156C241F8E970011D97A /* Landmarks */ = {
			isa = PBXNativeTarget;
			buildConfigurationList = 038A1581241F8E970011D97A /* Build configuration list for PBXNativeTarget "Landmarks" */;
			buildPhases = (
				038A1569241F8E970011D97A /* Sources */,
				038A156A241F8E970011D97A /* Frameworks */,
				038A156B241F8E970011D97A /* Resources */,
			);
			buildRules = (
			);
			dependencies = (
			);
			name = Landmarks;
			productName = Landmarks;
			productReference = 038A156D241F8E970011D97A /* Landmarks.app */;
			productType = "com.apple.product-type.application";
		};
/* End PBXNativeTarget section */

/* Begin PBXProject section */
		038A1565241F8E970011D97A /* Project object */ = {
			isa = PBXProject;
			attributes = {
				LastSwiftUpdateCheck = 1130;
				LastUpgradeCheck = 1130;
				ORGANIZATIONNAME = cycu;
				TargetAttributes = {
					038A156C241F8E970011D97A = {
						CreatedOnToolsVersion = 11.3.1;
					};
				};
			};
			buildConfigurationList = 038A1568241F8E970011D97A /* Build configuration list for PBXProject "Landmarks" */;
			compatibilityVersion = "Xcode 9.3";
			developmentRegion = en;
			hasScannedForEncodings = 0;
			knownRegions = (
				en,
				Base,
			);
			mainGroup = 038A1564241F8E970011D97A;
			productRefGroup = 038A156E241F8E970011D97A /* Products */;
			projectDirPath = "";
			projectRoot = "";
			targets = (
				038A156C241F8E970011D97A /* Landmarks */,
			);
		};
/* End PBXProject section */

/* Begin PBXResourcesBuildPhase section */
		038A156B241F8E970011D97A /* Resources */ = {
			isa = PBXResourcesBuildPhase;
			buildActionMask = 2147483647;
			files = (
				031DBABA2428CC2E0046CE8C /* turtlerock.jpg in Resources */,
				038A157D241F8E970011D97A /* LaunchScreen.storyboard in Resources */,
				031DBAB72428CC2E0046CE8C /* rainbowlake.jpg in Resources */,
				031DBAB12428CC2E0046CE8C /* chilkoottrail.jpg in Resources */,
				031DBABB2428CC2E0046CE8C /* twinlake.jpg in Resources */,
				038A157A241F8E970011D97A /* Preview Assets.xcassets in Resources */,
				038A1577241F8E970011D97A /* Assets.xcassets in Resources */,
				031DBAB32428CC2E0046CE8C /* hiddenlake.jpg in Resources */,
				031DBAB92428CC2E0046CE8C /* stmarylake.jpg in Resources */,
				031DBABC2428CC2E0046CE8C /* umbagog.jpg in Resources */,
				031DBAB42428CC2E0046CE8C /* icybay.jpg in Resources */,
				031DBAB52428CC2E0046CE8C /* lakemcdonald.jpg in Resources */,
				031DBAB82428CC2E0046CE8C /* silversalmoncreek.jpg in Resources */,
				031DBAB22428CC2E0046CE8C /* chincoteague.jpg in Resources */,
				031DBABD2428CC2E0046CE8C /* yukon_charleyrivers.jpg in Resources */,
				031DBAB62428CC2E0046CE8C /* landmarkData.json in Resources */,
			);
			runOnlyForDeploymentPostprocessing = 0;
		};
/* End PBXResourcesBuildPhase section */

/* Begin PBXSourcesBuildPhase section */
		038A1569241F8E970011D97A /* Sources */ = {
			isa = PBXSourcesBuildPhase;
			buildActionMask = 2147483647;
			files = (
				031DBABF2428CC2E0046CE8C /* Landmark.swift in Sources */,
				038A1571241F8E970011D97A /* AppDelegate.swift in Sources */,
				031DBABE2428CC2E0046CE8C /* Data.swift in Sources */,
				038A1585241F995D0011D97A /* Circleimage.swift in Sources */,
				038A1587241F9CFC0011D97A /* MapView.swift in Sources */,
				038A1573241F8E970011D97A /* SceneDelegate.swift in Sources */,
				031DBAC12428D1D00046CE8C /* LandmarkRow.swift in Sources */,
				038A1575241F8E970011D97A /* LandmarkDetail.swift in Sources */,
			);
			runOnlyForDeploymentPostprocessing = 0;
		};
/* End PBXSourcesBuildPhase section */

/* Begin PBXVariantGroup section */
		038A157B241F8E970011D97A /* LaunchScreen.storyboard */ = {
			isa = PBXVariantGroup;
			children = (
				038A157C241F8E970011D97A /* Base */,
			);
			name = LaunchScreen.storyboard;
			sourceTree = "<group>";
		};
/* End PBXVariantGroup section */

/* Begin XCBuildConfiguration section */
		038A157F241F8E970011D97A /* Debug */ = {
			isa = XCBuildConfiguration;
			buildSettings = {
				ALWAYS_SEARCH_USER_PATHS = NO;
				CLANG_ANALYZER_NONNULL = YES;
				CLANG_ANALYZER_NUMBER_OBJECT_CONVERSION = YES_AGGRESSIVE;
				CLANG_CXX_LANGUAGE_STANDARD = "gnu++14";
				CLANG_CXX_LIBRARY = "libc++";
				CLANG_ENABLE_MODULES = YES;
				CLANG_ENABLE_OBJC_ARC = YES;
				CLANG_ENABLE_OBJC_WEAK = YES;
				CLANG_WARN_BLOCK_CAPTURE_AUTORELEASING = YES;
				CLANG_WARN_BOOL_CONVERSION = YES;
				CLANG_WARN_COMMA = YES;
				CLANG_WARN_CONSTANT_CONVERSION = YES;
				CLANG_WARN_DEPRECATED_OBJC_IMPLEMENTATIONS = YES;
				CLANG_WARN_DIRECT_OBJC_ISA_USAGE = YES_ERROR;
				CLANG_WARN_DOCUMENTATION_COMMENTS = YES;
				CLANG_WARN_EMPTY_BODY = YES;
				CLANG_WARN_ENUM_CONVERSION = YES;
				CLANG_WARN_INFINITE_RECURSION = YES;
				CLANG_WARN_INT_CONVERSION = YES;
				CLANG_WARN_NON_LITERAL_NULL_CONVERSION = YES;
				CLANG_WARN_OBJC_IMPLICIT_RETAIN_SELF = YES;
				CLANG_WARN_OBJC_LITERAL_CONVERSION = YES;
				CLANG_WARN_OBJC_ROOT_CLASS = YES_ERROR;
				CLANG_WARN_RANGE_LOOP_ANALYSIS = YES;
				CLANG_WARN_STRICT_PROTOTYPES = YES;
				CLANG_WARN_SUSPICIOUS_MOVE = YES;
				CLANG_WARN_UNGUARDED_AVAILABILITY = YES_AGGRESSIVE;
				CLANG_WARN_UNREACHABLE_CODE = YES;
				CLANG_WARN__DUPLICATE_METHOD_MATCH = YES;
				COPY_PHASE_STRIP = NO;
				DEBUG_INFORMATION_FORMAT = dwarf;
				ENABLE_STRICT_OBJC_MSGSEND = YES;
				ENABLE_TESTABILITY = YES;
				GCC_C_LANGUAGE_STANDARD = gnu11;
				GCC_DYNAMIC_NO_PIC = NO;
				GCC_NO_COMMON_BLOCKS = YES;
				GCC_OPTIMIZATION_LEVEL = 0;
				GCC_PREPROCESSOR_DEFINITIONS = (
					"DEBUG=1",
					"$(inherited)",
				);
				GCC_WARN_64_TO_32_BIT_CONVERSION = YES;
				GCC_WARN_ABOUT_RETURN_TYPE = YES_ERROR;
				GCC_WARN_UNDECLARED_SELECTOR = YES;
				GCC_WARN_UNINITIALIZED_AUTOS = YES_AGGRESSIVE;
				GCC_WARN_UNUSED_FUNCTION = YES;
				GCC_WARN_UNUSED_VARIABLE = YES;
				IPHONEOS_DEPLOYMENT_TARGET = 13.2;
				MTL_ENABLE_DEBUG_INFO = INCLUDE_SOURCE;
				MTL_FAST_MATH = YES;
				ONLY_ACTIVE_ARCH = YES;
				SDKROOT = iphoneos;
				SWIFT_ACTIVE_COMPILATION_CONDITIONS = DEBUG;
				SWIFT_OPTIMIZATION_LEVEL = "-Onone";
			};
			name = Debug;
		};
		038A1580241F8E970011D97A /* Release */ = {
			isa = XCBuildConfiguration;
			buildSettings = {
				ALWAYS_SEARCH_USER_PATHS = NO;
				CLANG_ANALYZER_NONNULL = YES;
				CLANG_ANALYZER_NUMBER_OBJECT_CONVERSION = YES_AGGRESSIVE;
				CLANG_CXX_LANGUAGE_STANDARD = "gnu++14";
				CLANG_CXX_LIBRARY = "libc++";
				CLANG_ENABLE_MODULES = YES;
				CLANG_ENABLE_OBJC_ARC = YES;
				CLANG_ENABLE_OBJC_WEAK = YES;
				CLANG_WARN_BLOCK_CAPTURE_AUTORELEASING = YES;
				CLANG_WARN_BOOL_CONVERSION = YES;
				CLANG_WARN_COMMA = YES;
				CLANG_WARN_CONSTANT_CONVERSION = YES;
				CLANG_WARN_DEPRECATED_OBJC_IMPLEMENTATIONS = YES;
				CLANG_WARN_DIRECT_OBJC_ISA_USAGE = YES_ERROR;
				CLANG_WARN_DOCUMENTATION_COMMENTS = YES;
				CLANG_WARN_EMPTY_BODY = YES;
				CLANG_WARN_ENUM_CONVERSION = YES;
				CLANG_WARN_INFINITE_RECURSION = YES;
				CLANG_WARN_INT_CONVERSION = YES;
				CLANG_WARN_NON_LITERAL_NULL_CONVERSION = YES;
				CLANG_WARN_OBJC_IMPLICIT_RETAIN_SELF = YES;
				CLANG_WARN_OBJC_LITERAL_CONVERSION = YES;
				CLANG_WARN_OBJC_ROOT_CLASS = YES_ERROR;
				CLANG_WARN_RANGE_LOOP_ANALYSIS = YES;
				CLANG_WARN_STRICT_PROTOTYPES = YES;
				CLANG_WARN_SUSPICIOUS_MOVE = YES;
				CLANG_WARN_UNGUARDED_AVAILABILITY = YES_AGGRESSIVE;
				CLANG_WARN_UNREACHABLE_CODE = YES;
				CLANG_WARN__DUPLICATE_METHOD_MATCH = YES;
				COPY_PHASE_STRIP = NO;
				DEBUG_INFORMATION_FORMAT = "dwarf-with-dsym";
				ENABLE_NS_ASSERTIONS = NO;
				ENABLE_STRICT_OBJC_MSGSEND = YES;
				GCC_C_LANGUAGE_STANDARD = gnu11;
				GCC_NO_COMMON_BLOCKS = YES;
				GCC_WARN_64_TO_32_BIT_CONVERSION = YES;
				GCC_WARN_ABOUT_RETURN_TYPE = YES_ERROR;
				GCC_WARN_UNDECLARED_SELECTOR = YES;
				GCC_WARN_UNINITIALIZED_AUTOS = YES_AGGRESSIVE;
				GCC_WARN_UNUSED_FUNCTION = YES;
				GCC_WARN_UNUSED_VARIABLE = YES;
				IPHONEOS_DEPLOYMENT_TARGET = 13.2;
				MTL_ENABLE_DEBUG_INFO = NO;
				MTL_FAST_MATH = YES;
				SDKROOT = iphoneos;
				SWIFT_COMPILATION_MODE = wholemodule;
				SWIFT_OPTIMIZATION_LEVEL = "-O";
				VALIDATE_PRODUCT = YES;
			};
			name = Release;
		};
		038A1582241F8E970011D97A /* Debug */ = {
			isa = XCBuildConfiguration;
			buildSettings = {
				ASSETCATALOG_COMPILER_APPICON_NAME = AppIcon;
				CODE_SIGN_STYLE = Automatic;
				DEVELOPMENT_ASSET_PATHS = "\"Landmarks/Preview Content\"";
				ENABLE_PREVIEWS = YES;
				INFOPLIST_FILE = Landmarks/Info.plist;
				LD_RUNPATH_SEARCH_PATHS = (
					"$(inherited)",
					"@executable_path/Frameworks",
				);
				PRODUCT_BUNDLE_IDENTIFIER = tw.edu.cycu.im.s10544140.Landmarks;
				PRODUCT_NAME = "$(TARGET_NAME)";
				SWIFT_VERSION = 5.0;
				TARGETED_DEVICE_FAMILY = "1,2";
			};
			name = Debug;
		};
		038A1583241F8E970011D97A /* Release */ = {
			isa = XCBuildConfiguration;
			buildSettings = {
				ASSETCATALOG_COMPILER_APPICON_NAME = AppIcon;
				CODE_SIGN_STYLE = Automatic;
				DEVELOPMENT_ASSET_PATHS = "\"Landmarks/Preview Content\"";
				ENABLE_PREVIEWS = YES;
				INFOPLIST_FILE = Landmarks/Info.plist;
				LD_RUNPATH_SEARCH_PATHS = (
					"$(inherited)",
					"@executable_path/Frameworks",
				);
				PRODUCT_BUNDLE_IDENTIFIER = tw.edu.cycu.im.s10544140.Landmarks;
				PRODUCT_NAME = "$(TARGET_NAME)";
				SWIFT_VERSION = 5.0;
				TARGETED_DEVICE_FAMILY = "1,2";
			};
			name = Release;
		};
/* End XCBuildConfiguration section */

/* Begin XCConfigurationList section */
		038A1568241F8E970011D97A /* Build configuration list for PBXProject "Landmarks" */ = {
			isa = XCConfigurationList;
			buildConfigurations = (
				038A157F241F8E970011D97A /* Debug */,
				038A1580241F8E970011D97A /* Release */,
			);
			defaultConfigurationIsVisible = 0;
			defaultConfigurationName = Release;
		};
		038A1581241F8E970011D97A /* Build configuration list for PBXNativeTarget "Landmarks" */ = {
			isa = XCConfigurationList;
			buildConfigurations = (
				038A1582241F8E970011D97A /* Debug */,
				038A1583241F8E970011D97A /* Release */,
			);
			defaultConfigurationIsVisible = 0;
			defaultConfigurationName = Release;
		};
/* End XCConfigurationList section */
	};
	rootObject = 038A1565241F8E970011D97A /* Project object */;
}
